// !$*UTF8*$!
{
	archiveVersion = 1;
	classes = {
	};
	objectVersion = 46;
	objects = {

/* Begin PBXBuildFile section */
		358100681ED0666200138271 /* AppDelegate.m in Sources */ = {isa = PBXBuildFile; fileRef = 358100671ED0666200138271 /* AppDelegate.m */; };
		3581006B1ED0666200138271 /* main.m in Sources */ = {isa = PBXBuildFile; fileRef = 3581006A1ED0666200138271 /* main.m */; };
		3581006E1ED0666200138271 /* ViewController.m in Sources */ = {isa = PBXBuildFile; fileRef = 3581006D1ED0666200138271 /* ViewController.m */; };
		358100701ED0666200138271 /* Assets.xcassets in Resources */ = {isa = PBXBuildFile; fileRef = 3581006F1ED0666200138271 /* Assets.xcassets */; };
		358100731ED0666200138271 /* Main.storyboard in Resources */ = {isa = PBXBuildFile; fileRef = 358100711ED0666200138271 /* Main.storyboard */; };
		3581007B1ED0678500138271 /* Podfile in Resources */ = {isa = PBXBuildFile; fileRef = 3581007A1ED0678500138271 /* Podfile */; };
		35967FDE1ED0A12700ACDA84 /* STHTTPRequest.m in Sources */ = {isa = PBXBuildFile; fileRef = 35967FDD1ED0A12700ACDA84 /* STHTTPRequest.m */; };
		35967FE11ED0A2B300ACDA84 /* ACSSDPService.m in Sources */ = {isa = PBXBuildFile; fileRef = 35967FE01ED0A2B300ACDA84 /* ACSSDPService.m */; };
		35967FE41ED0A55700ACDA84 /* XMLDictionary.m in Sources */ = {isa = PBXBuildFile; fileRef = 35967FE31ED0A55700ACDA84 /* XMLDictionary.m */; };
		A9AD0B954803B98A531C2B4B /* Pods_AudioCast.framework in Frameworks */ = {isa = PBXBuildFile; fileRef = 11B5ADEEC70BC8A319FC886C /* Pods_AudioCast.framework */; };
/* End PBXBuildFile section */

/* Begin PBXFileReference section */
		11B5ADEEC70BC8A319FC886C /* Pods_AudioCast.framework */ = {isa = PBXFileReference; explicitFileType = wrapper.framework; includeInIndex = 0; path = Pods_AudioCast.framework; sourceTree = BUILT_PRODUCTS_DIR; };
		358100631ED0666200138271 /* AudioCast.app */ = {isa = PBXFileReference; explicitFileType = wrapper.application; includeInIndex = 0; path = AudioCast.app; sourceTree = BUILT_PRODUCTS_DIR; };
		358100661ED0666200138271 /* AppDelegate.h */ = {isa = PBXFileReference; lastKnownFileType = sourcecode.c.h; path = AppDelegate.h; sourceTree = "<group>"; };
		358100671ED0666200138271 /* AppDelegate.m */ = {isa = PBXFileReference; lastKnownFileType = sourcecode.c.objc; path = AppDelegate.m; sourceTree = "<group>"; };
		3581006A1ED0666200138271 /* main.m */ = {isa = PBXFileReference; lastKnownFileType = sourcecode.c.objc; path = main.m; sourceTree = "<group>"; };
		3581006C1ED0666200138271 /* ViewController.h */ = {isa = PBXFileReference; lastKnownFileType = sourcecode.c.h; path = ViewController.h; sourceTree = "<group>"; };
		3581006D1ED0666200138271 /* ViewController.m */ = {isa = PBXFileReference; lastKnownFileType = sourcecode.c.objc; path = ViewController.m; sourceTree = "<group>"; };
		3581006F1ED0666200138271 /* Assets.xcassets */ = {isa = PBXFileReference; lastKnownFileType = folder.assetcatalog; path = Assets.xcassets; sourceTree = "<group>"; };
		358100721ED0666200138271 /* Base */ = {isa = PBXFileReference; lastKnownFileType = file.storyboard; name = Base; path = Base.lproj/Main.storyboard; sourceTree = "<group>"; };
		358100741ED0666200138271 /* Info.plist */ = {isa = PBXFileReference; lastKnownFileType = text.plist.xml; path = Info.plist; sourceTree = "<group>"; };
		3581007A1ED0678500138271 /* Podfile */ = {isa = PBXFileReference; fileEncoding = 4; lastKnownFileType = text; path = Podfile; sourceTree = "<group>"; };
		35967FDC1ED0A12700ACDA84 /* STHTTPRequest.h */ = {isa = PBXFileReference; fileEncoding = 4; lastKnownFileType = sourcecode.c.h; path = STHTTPRequest.h; sourceTree = "<group>"; };
		35967FDD1ED0A12700ACDA84 /* STHTTPRequest.m */ = {isa = PBXFileReference; fileEncoding = 4; lastKnownFileType = sourcecode.c.objc; path = STHTTPRequest.m; sourceTree = "<group>"; };
		35967FDF1ED0A2B300ACDA84 /* ACSSDPService.h */ = {isa = PBXFileReference; fileEncoding = 4; lastKnownFileType = sourcecode.c.h; path = ACSSDPService.h; sourceTree = "<group>"; };
		35967FE01ED0A2B300ACDA84 /* ACSSDPService.m */ = {isa = PBXFileReference; fileEncoding = 4; lastKnownFileType = sourcecode.c.objc; path = ACSSDPService.m; sourceTree = "<group>"; };
		35967FE21ED0A55700ACDA84 /* XMLDictionary.h */ = {isa = PBXFileReference; fileEncoding = 4; lastKnownFileType = sourcecode.c.h; name = XMLDictionary.h; path = ../../../../XMLDictionary.h; sourceTree = "<group>"; };
		35967FE31ED0A55700ACDA84 /* XMLDictionary.m */ = {isa = PBXFileReference; fileEncoding = 4; lastKnownFileType = sourcecode.c.objc; name = XMLDictionary.m; path = ../../../../XMLDictionary.m; sourceTree = "<group>"; };
		4EFECC1E4EFE354608DCBF86 /* Pods-AudioCast.debug.xcconfig */ = {isa = PBXFileReference; includeInIndex = 1; lastKnownFileType = text.xcconfig; name = "Pods-AudioCast.debug.xcconfig"; path = "Pods/Target Support Files/Pods-AudioCast/Pods-AudioCast.debug.xcconfig"; sourceTree = "<group>"; };
		F2F75D00B61901BA4C703B8D /* Pods-AudioCast.release.xcconfig */ = {isa = PBXFileReference; includeInIndex = 1; lastKnownFileType = text.xcconfig; name = "Pods-AudioCast.release.xcconfig"; path = "Pods/Target Support Files/Pods-AudioCast/Pods-AudioCast.release.xcconfig"; sourceTree = "<group>"; };
/* End PBXFileReference section */

/* Begin PBXFrameworksBuildPhase section */
		358100601ED0666200138271 /* Frameworks */ = {
			isa = PBXFrameworksBuildPhase;
			buildActionMask = 2147483647;
			files = (
				A9AD0B954803B98A531C2B4B /* Pods_AudioCast.framework in Frameworks */,
			);
			runOnlyForDeploymentPostprocessing = 0;
		};
/* End PBXFrameworksBuildPhase section */

/* Begin PBXGroup section */
		22E69BC19C69C2DFBF770249 /* Frameworks */ = {
			isa = PBXGroup;
			children = (
				11B5ADEEC70BC8A319FC886C /* Pods_AudioCast.framework */,
			);
			name = Frameworks;
			sourceTree = "<group>";
		};
		3581005A1ED0666200138271 = {
			isa = PBXGroup;
			children = (
				3581007A1ED0678500138271 /* Podfile */,
				358100651ED0666200138271 /* AudioCast */,
				358100641ED0666200138271 /* Products */,
				F2050D5E2D9947194BD20599 /* Pods */,
				22E69BC19C69C2DFBF770249 /* Frameworks */,
			);
			sourceTree = "<group>";
		};
		358100641ED0666200138271 /* Products */ = {
			isa = PBXGroup;
			children = (
				358100631ED0666200138271 /* AudioCast.app */,
			);
			name = Products;
			sourceTree = "<group>";
		};
		358100651ED0666200138271 /* AudioCast */ = {
			isa = PBXGroup;
			children = (
				35967FE21ED0A55700ACDA84 /* XMLDictionary.h */,
				35967FE31ED0A55700ACDA84 /* XMLDictionary.m */,
				35967FDF1ED0A2B300ACDA84 /* ACSSDPService.h */,
				35967FE01ED0A2B300ACDA84 /* ACSSDPService.m */,
				35967FDC1ED0A12700ACDA84 /* STHTTPRequest.h */,
				35967FDD1ED0A12700ACDA84 /* STHTTPRequest.m */,
				358100661ED0666200138271 /* AppDelegate.h */,
				358100671ED0666200138271 /* AppDelegate.m */,
				3581006C1ED0666200138271 /* ViewController.h */,
				3581006D1ED0666200138271 /* ViewController.m */,
				3581006F1ED0666200138271 /* Assets.xcassets */,
				358100711ED0666200138271 /* Main.storyboard */,
				358100741ED0666200138271 /* Info.plist */,
				358100691ED0666200138271 /* Supporting Files */,
			);
			path = AudioCast;
			sourceTree = "<group>";
		};
		358100691ED0666200138271 /* Supporting Files */ = {
			isa = PBXGroup;
			children = (
				3581006A1ED0666200138271 /* main.m */,
			);
			name = "Supporting Files";
			sourceTree = "<group>";
		};
		F2050D5E2D9947194BD20599 /* Pods */ = {
			isa = PBXGroup;
			children = (
				4EFECC1E4EFE354608DCBF86 /* Pods-AudioCast.debug.xcconfig */,
				F2F75D00B61901BA4C703B8D /* Pods-AudioCast.release.xcconfig */,
			);
			name = Pods;
			sourceTree = "<group>";
		};
/* End PBXGroup section */

/* Begin PBXNativeTarget section */
		358100621ED0666200138271 /* AudioCast */ = {
			isa = PBXNativeTarget;
			buildConfigurationList = 358100771ED0666200138271 /* Build configuration list for PBXNativeTarget "AudioCast" */;
			buildPhases = (
				0EF025E585859D6C59567B43 /* [CP] Check Pods Manifest.lock */,
				3581005F1ED0666200138271 /* Sources */,
				358100601ED0666200138271 /* Frameworks */,
				358100611ED0666200138271 /* Resources */,
				0847CCFBA86E909920CEC531 /* [CP] Embed Pods Frameworks */,
				8CE7A36024EB3A9B7555E6D1 /* [CP] Copy Pods Resources */,
			);
			buildRules = (
			);
			dependencies = (
			);
			name = AudioCast;
			productName = AudioCast;
			productReference = 358100631ED0666200138271 /* AudioCast.app */;
			productType = "com.apple.product-type.application";
		};
/* End PBXNativeTarget section */

/* Begin PBXProject section */
		3581005B1ED0666200138271 /* Project object */ = {
			isa = PBXProject;
			attributes = {
				LastUpgradeCheck = 0830;
				ORGANIZATIONNAME = "Milosz Derezynski";
				TargetAttributes = {
					358100621ED0666200138271 = {
						CreatedOnToolsVersion = 8.3.1;
						ProvisioningStyle = Automatic;
					};
				};
			};
			buildConfigurationList = 3581005E1ED0666200138271 /* Build configuration list for PBXProject "AudioCast" */;
			compatibilityVersion = "Xcode 3.2";
			developmentRegion = English;
			hasScannedForEncodings = 0;
			knownRegions = (
				en,
				Base,
			);
			mainGroup = 3581005A1ED0666200138271;
			productRefGroup = 358100641ED0666200138271 /* Products */;
			projectDirPath = "";
			projectRoot = "";
			targets = (
				358100621ED0666200138271 /* AudioCast */,
			);
		};
/* End PBXProject section */

/* Begin PBXResourcesBuildPhase section */
		358100611ED0666200138271 /* Resources */ = {
			isa = PBXResourcesBuildPhase;
			buildActionMask = 2147483647;
			files = (
				3581007B1ED0678500138271 /* Podfile in Resources */,
				358100701ED0666200138271 /* Assets.xcassets in Resources */,
				358100731ED0666200138271 /* Main.storyboard in Resources */,
			);
			runOnlyForDeploymentPostprocessing = 0;
		};
/* End PBXResourcesBuildPhase section */

/* Begin PBXShellScriptBuildPhase section */
		0847CCFBA86E909920CEC531 /* [CP] Embed Pods Frameworks */ = {
			isa = PBXShellScriptBuildPhase;
			buildActionMask = 2147483647;
			files = (
			);
			inputPaths = (
			);
			name = "[CP] Embed Pods Frameworks";
			outputPaths = (
			);
			runOnlyForDeploymentPostprocessing = 0;
			shellPath = /bin/sh;
			shellScript = "\"${SRCROOT}/Pods/Target Support Files/Pods-AudioCast/Pods-AudioCast-frameworks.sh\"\n";
			showEnvVarsInLog = 0;
		};
		0EF025E585859D6C59567B43 /* [CP] Check Pods Manifest.lock */ = {
			isa = PBXShellScriptBuildPhase;
			buildActionMask = 2147483647;
			files = (
			);
			inputPaths = (
			);
			name = "[CP] Check Pods Manifest.lock";
			outputPaths = (
			);
			runOnlyForDeploymentPostprocessing = 0;
			shellPath = /bin/sh;
			shellScript = "diff \"${PODS_PODFILE_DIR_PATH}/Podfile.lock\" \"${PODS_ROOT}/Manifest.lock\" > /dev/null\nif [ $? != 0 ] ; then\n    # print error to STDERR\n    echo \"error: The sandbox is not in sync with the Podfile.lock. Run 'pod install' or update your CocoaPods installation.\" >&2\n    exit 1\nfi\n";
			showEnvVarsInLog = 0;
		};
		8CE7A36024EB3A9B7555E6D1 /* [CP] Copy Pods Resources */ = {
			isa = PBXShellScriptBuildPhase;
			buildActionMask = 2147483647;
			files = (
			);
			inputPaths = (
			);
			name = "[CP] Copy Pods Resources";
			outputPaths = (
			);
			runOnlyForDeploymentPostprocessing = 0;
			shellPath = /bin/sh;
			shellScript = "\"${SRCROOT}/Pods/Target Support Files/Pods-AudioCast/Pods-AudioCast-resources.sh\"\n";
			showEnvVarsInLog = 0;
		};
/* End PBXShellScriptBuildPhase section */

/* Begin PBXSourcesBuildPhase section */
		3581005F1ED0666200138271 /* Sources */ = {
			isa = PBXSourcesBuildPhase;
			buildActionMask = 2147483647;
			files = (
				3581006E1ED0666200138271 /* ViewController.m in Sources */,
				35967FE11ED0A2B300ACDA84 /* ACSSDPService.m in Sources */,
				3581006B1ED0666200138271 /* main.m in Sources */,
				35967FDE1ED0A12700ACDA84 /* STHTTPRequest.m in Sources */,
				358100681ED0666200138271 /* AppDelegate.m in Sources */,
				35967FE41ED0A55700ACDA84 /* XMLDictionary.m in Sources */,
			);
			runOnlyForDeploymentPostprocessing = 0;
		};
/* End PBXSourcesBuildPhase section */

/* Begin PBXVariantGroup section */
		358100711ED0666200138271 /* Main.storyboard */ = {
			isa = PBXVariantGroup;
			children = (
				358100721ED0666200138271 /* Base */,
			);
			name = Main.storyboard;
			sourceTree = "<group>";
		};
/* End PBXVariantGroup section */

/* Begin XCBuildConfiguration section */
		358100751ED0666200138271 /* Debug */ = {
			isa = XCBuildConfiguration;
			buildSettings = {
				ALWAYS_SEARCH_USER_PATHS = NO;
				CLANG_ANALYZER_NONNULL = YES;
				CLANG_ANALYZER_NUMBER_OBJECT_CONVERSION = YES_AGGRESSIVE;
				CLANG_CXX_LANGUAGE_STANDARD = "gnu++0x";
				CLANG_CXX_LIBRARY = "libc++";
				CLANG_ENABLE_MODULES = YES;
				CLANG_ENABLE_OBJC_ARC = YES;
				CLANG_WARN_BOOL_CONVERSION = YES;
				CLANG_WARN_CONSTANT_CONVERSION = YES;
				CLANG_WARN_DIRECT_OBJC_ISA_USAGE = YES_ERROR;
				CLANG_WARN_DOCUMENTATION_COMMENTS = YES;
				CLANG_WARN_EMPTY_BODY = YES;
				CLANG_WARN_ENUM_CONVERSION = YES;
				CLANG_WARN_INFINITE_RECURSION = YES;
				CLANG_WARN_INT_CONVERSION = YES;
				CLANG_WARN_OBJC_ROOT_CLASS = YES_ERROR;
				CLANG_WARN_SUSPICIOUS_MOVE = YES;
				CLANG_WARN_UNREACHABLE_CODE = YES;
				CLANG_WARN__DUPLICATE_METHOD_MATCH = YES;
				CODE_SIGN_IDENTITY = "-";
				COPY_PHASE_STRIP = NO;
				DEBUG_INFORMATION_FORMAT = dwarf;
				ENABLE_STRICT_OBJC_MSGSEND = YES;
				ENABLE_TESTABILITY = YES;
				GCC_C_LANGUAGE_STANDARD = gnu99;
				GCC_DYNAMIC_NO_PIC = NO;
				GCC_NO_COMMON_BLOCKS = YES;
				GCC_OPTIMIZATION_LEVEL = 0;
				GCC_PREPROCESSOR_DEFINITIONS = (
					"DEBUG=1",
					"$(inherited)",
				);
				GCC_WARN_64_TO_32_BIT_CONVERSION = YES;
				GCC_WARN_ABOUT_RETURN_TYPE = YES_ERROR;
				GCC_WARN_UNDECLARED_SELECTOR = YES;
				GCC_WARN_UNINITIALIZED_AUTOS = YES_AGGRESSIVE;
				GCC_WARN_UNUSED_FUNCTION = YES;
				GCC_WARN_UNUSED_VARIABLE = YES;
				MACOSX_DEPLOYMENT_TARGET = 10.12;
				MTL_ENABLE_DEBUG_INFO = YES;
				ONLY_ACTIVE_ARCH = YES;
				SDKROOT = macosx;
			};
			name = Debug;
		};
		358100761ED0666200138271 /* Release */ = {
			isa = XCBuildConfiguration;
			buildSettings = {
				ALWAYS_SEARCH_USER_PATHS = NO;
				CLANG_ANALYZER_NONNULL = YES;
				CLANG_ANALYZER_NUMBER_OBJECT_CONVERSION = YES_AGGRESSIVE;
				CLANG_CXX_LANGUAGE_STANDARD = "gnu++0x";
				CLANG_CXX_LIBRARY = "libc++";
				CLANG_ENABLE_MODULES = YES;
				CLANG_ENABLE_OBJC_ARC = YES;
				CLANG_WARN_BOOL_CONVERSION = YES;
				CLANG_WARN_CONSTANT_CONVERSION = YES;
				CLANG_WARN_DIRECT_OBJC_ISA_USAGE = YES_ERROR;
				CLANG_WARN_DOCUMENTATION_COMMENTS = YES;
				CLANG_WARN_EMPTY_BODY = YES;
				CLANG_WARN_ENUM_CONVERSION = YES;
				CLANG_WARN_INFINITE_RECURSION = YES;
				CLANG_WARN_INT_CONVERSION = YES;
				CLANG_WARN_OBJC_ROOT_CLASS = YES_ERROR;
				CLANG_WARN_SUSPICIOUS_MOVE = YES;
				CLANG_WARN_UNREACHABLE_CODE = YES;
				CLANG_WARN__DUPLICATE_METHOD_MATCH = YES;
				CODE_SIGN_IDENTITY = "-";
				COPY_PHASE_STRIP = NO;
				DEBUG_INFORMATION_FORMAT = "dwarf-with-dsym";
				ENABLE_NS_ASSERTIONS = NO;
				ENABLE_STRICT_OBJC_MSGSEND = YES;
				GCC_C_LANGUAGE_STANDARD = gnu99;
				GCC_NO_COMMON_BLOCKS = YES;
				GCC_WARN_64_TO_32_BIT_CONVERSION = YES;
				GCC_WARN_ABOUT_RETURN_TYPE = YES_ERROR;
				GCC_WARN_UNDECLARED_SELECTOR = YES;
				GCC_WARN_UNINITIALIZED_AUTOS = YES_AGGRESSIVE;
				GCC_WARN_UNUSED_FUNCTION = YES;
				GCC_WARN_UNUSED_VARIABLE = YES;
				MACOSX_DEPLOYMENT_TARGET = 10.12;
				MTL_ENABLE_DEBUG_INFO = NO;
				SDKROOT = macosx;
			};
			name = Release;
		};
		358100781ED0666200138271 /* Debug */ = {
			isa = XCBuildConfiguration;
			baseConfigurationReference = 4EFECC1E4EFE354608DCBF86 /* Pods-AudioCast.debug.xcconfig */;
			buildSettings = {
				ASSETCATALOG_COMPILER_APPICON_NAME = AppIcon;
				COMBINE_HIDPI_IMAGES = YES;
				INFOPLIST_FILE = AudioCast/Info.plist;
				LD_RUNPATH_SEARCH_PATHS = "$(inherited) @executable_path/../Frameworks";
				PRODUCT_BUNDLE_IDENTIFIER = net.mderezynski.AudioCast;
				PRODUCT_NAME = "$(TARGET_NAME)";
			};
			name = Debug;
		};
		358100791ED0666200138271 /* Release */ = {
			isa = XCBuildConfiguration;
			baseConfigurationReference = F2F75D00B61901BA4C703B8D /* Pods-AudioCast.release.xcconfig */;
			buildSettings = {
				ASSETCATALOG_COMPILER_APPICON_NAME = AppIcon;
				COMBINE_HIDPI_IMAGES = YES;
				INFOPLIST_FILE = AudioCast/Info.plist;
				LD_RUNPATH_SEARCH_PATHS = "$(inherited) @executable_path/../Frameworks";
				PRODUCT_BUNDLE_IDENTIFIER = net.mderezynski.AudioCast;
				PRODUCT_NAME = "$(TARGET_NAME)";
			};
			name = Release;
		};
/* End XCBuildConfiguration section */

/* Begin XCConfigurationList section */
		3581005E1ED0666200138271 /* Build configuration list for PBXProject "AudioCast" */ = {
			isa = XCConfigurationList;
			buildConfigurations = (
				358100751ED0666200138271 /* Debug */,
				358100761ED0666200138271 /* Release */,
			);
			defaultConfigurationIsVisible = 0;
			defaultConfigurationName = Release;
		};
		358100771ED0666200138271 /* Build configuration list for PBXNativeTarget "AudioCast" */ = {
			isa = XCConfigurationList;
			buildConfigurations = (
				358100781ED0666200138271 /* Debug */,
				358100791ED0666200138271 /* Release */,
			);
			defaultConfigurationIsVisible = 0;
			defaultConfigurationName = Release;
		};
/* End XCConfigurationList section */
	};
	rootObject = 3581005B1ED0666200138271 /* Project object */;
}
